
Microsoft Visual Studio Solution File, Format Version 12.00
# Visual Studio Version 16
VisualStudioVersion = 16.0.29806.167
MinimumVisualStudioVersion = 10.0.40219.1
Project("{FAE04EC0-301F-11D3-BF4B-00C04F79EFBC}") = "MinimalApp", "MinimalApp\MinimalApp.csproj", "{F31F5420-FBAB-42CF-B102-A20E1225F2B7}"
EndProject
Global
	GlobalSection(SolutionConfigurationPlatforms) = preSolution
		Debug|Any CPU = Debug|Any CPU
		Release|Any CPU = Release|Any CPU
	EndGlobalSection
	GlobalSection(ProjectConfigurationPlatforms) = postSolution
		{F31F5420-FBAB-42CF-B102-A20E1225F2B7}.Debug|Any CPU.ActiveCfg = Debug|Any CPU
		{F31F5420-FBAB-42CF-B102-A20E1225F2B7}.Debug|Any CPU.Build.0 = Debug|Any CPU
		{F31F5420-FBAB-42CF-B102-A20E1225F2B7}.Release|Any CPU.ActiveCfg = Release|Any CPU
		{F31F5420-FBAB-42CF-B102-A20E1225F2B7}.Release|Any CPU.Build.0 = Release|Any CPU
	EndGlobalSection
	GlobalSection(SolutionProperties) = preSolution
		HideSolutionNode = FALSE
	EndGlobalSection
	GlobalSection(ExtensibilityGlobals) = postSolution
		SolutionGuid = {562EBD16-F55D-40EA-B240-2E9BD611F8FF}
	EndGlobalSection
EndGlobal
